
Microsoft Visual Studio Solution File, Format Version 12.00
# Visual Studio Version 17
VisualStudioVersion = 17.3.32819.101
MinimumVisualStudioVersion = 10.0.40219.1
Project("{9A19103F-16F7-4668-BE54-9A1E7A4F7556}") = "CarSalesAPI", "CarSalesAPI\CarSalesAPI.csproj", "{1117DACD-3B60-4602-A566-E554C1579023}"
EndProject
Project("{FAE04EC0-301F-11D3-BF4B-00C04F79EFBC}") = "CarSalesWebApp", "CarSalesWebApp\CarSalesWebApp.csproj", "{FDD9328A-C3A5-47DB-A851-84EE157C8CBD}"
EndProject
Global
	GlobalSection(SolutionConfigurationPlatforms) = preSolution
		Debug|Any CPU = Debug|Any CPU
		Release|Any CPU = Release|Any CPU
	EndGlobalSection
	GlobalSection(ProjectConfigurationPlatforms) = postSolution
		{1117DACD-3B60-4602-A566-E554C1579023}.Debug|Any CPU.ActiveCfg = Debug|Any CPU
		{1117DACD-3B60-4602-A566-E554C1579023}.Debug|Any CPU.Build.0 = Debug|Any CPU
		{1117DACD-3B60-4602-A566-E554C1579023}.Release|Any CPU.ActiveCfg = Release|Any CPU
		{1117DACD-3B60-4602-A566-E554C1579023}.Release|Any CPU.Build.0 = Release|Any CPU
		{FDD9328A-C3A5-47DB-A851-84EE157C8CBD}.Debug|Any CPU.ActiveCfg = Debug|Any CPU
		{FDD9328A-C3A5-47DB-A851-84EE157C8CBD}.Debug|Any CPU.Build.0 = Debug|Any CPU
		{FDD9328A-C3A5-47DB-A851-84EE157C8CBD}.Release|Any CPU.ActiveCfg = Release|Any CPU
		{FDD9328A-C3A5-47DB-A851-84EE157C8CBD}.Release|Any CPU.Build.0 = Release|Any CPU
	EndGlobalSection
	GlobalSection(SolutionProperties) = preSolution
		HideSolutionNode = FALSE
	EndGlobalSection
	GlobalSection(ExtensibilityGlobals) = postSolution
		SolutionGuid = {9194E634-9B04-408A-B5B3-E80FDB6570C3}
	EndGlobalSection
EndGlobal
